
Microsoft Visual Studio Solution File, Format Version 12.00
# Visual Studio 15
VisualStudioVersion = 15.0.27428.2015
MinimumVisualStudioVersion = 10.0.40219.1
Project("{FAE04EC0-301F-11D3-BF4B-00C04F79EFBC}") = "CodingGameProjekt", "CodingGameProjekt\CodingGameProjekt.csproj", "{F06658E0-2C81-4545-BDFA-48D280F24BFE}"
EndProject
Global
	GlobalSection(SolutionConfigurationPlatforms) = preSolution
		Debug|Any CPU = Debug|Any CPU
		Release|Any CPU = Release|Any CPU
	EndGlobalSection
	GlobalSection(ProjectConfigurationPlatforms) = postSolution
		{F06658E0-2C81-4545-BDFA-48D280F24BFE}.Debug|Any CPU.ActiveCfg = Debug|Any CPU
		{F06658E0-2C81-4545-BDFA-48D280F24BFE}.Debug|Any CPU.Build.0 = Debug|Any CPU
		{F06658E0-2C81-4545-BDFA-48D280F24BFE}.Release|Any CPU.ActiveCfg = Release|Any CPU
		{F06658E0-2C81-4545-BDFA-48D280F24BFE}.Release|Any CPU.Build.0 = Release|Any CPU
	EndGlobalSection
	GlobalSection(SolutionProperties) = preSolution
		HideSolutionNode = FALSE
	EndGlobalSection
	GlobalSection(ExtensibilityGlobals) = postSolution
		SolutionGuid = {0DF5EEDC-93DF-4400-92F1-9996B771DCB4}
	EndGlobalSection
EndGlobal
